
Microsoft Visual Studio Solution File, Format Version 9.00
# Visual Studio 2005
Project("{8BC9CEB8-8B4A-11D0-8D11-00A0C91BC942}") = "Paladino_HWK3", "Paladino_HWK3\Paladino_HWK3.vcproj", "{56A732A0-4F35-45EB-AF55-F7EB2CC0A15A}"
EndProject
Global
	GlobalSection(SolutionConfigurationPlatforms) = preSolution
		Debug|Win32 = Debug|Win32
		Release|Win32 = Release|Win32
	EndGlobalSection
	GlobalSection(ProjectConfigurationPlatforms) = postSolution
		{56A732A0-4F35-45EB-AF55-F7EB2CC0A15A}.Debug|Win32.ActiveCfg = Debug|Win32
		{56A732A0-4F35-45EB-AF55-F7EB2CC0A15A}.Debug|Win32.Build.0 = Debug|Win32
		{56A732A0-4F35-45EB-AF55-F7EB2CC0A15A}.Release|Win32.ActiveCfg = Release|Win32
		{56A732A0-4F35-45EB-AF55-F7EB2CC0A15A}.Release|Win32.Build.0 = Release|Win32
	EndGlobalSection
	GlobalSection(SolutionProperties) = preSolution
		HideSolutionNode = FALSE
	EndGlobalSection
EndGlobal
